
Microsoft Visual Studio Solution File, Format Version 12.00
# Visual Studio Version 16
VisualStudioVersion = 16.0.30225.117
MinimumVisualStudioVersion = 10.0.40219.1
Project("{FAE04EC0-301F-11D3-BF4B-00C04F79EFBC}") = "ContinuousDeployment", "ContinuousDeployment\ContinuousDeployment.csproj", "{EECCAD0A-905E-4695-B4A0-6FD5667A5425}"
EndProject
Project("{FAE04EC0-301F-11D3-BF4B-00C04F79EFBC}") = "ContinuousDeployment.Tests", "ContinuousDeployment.Tests\ContinuousDeployment.Tests.csproj", "{54AA510C-750A-47F4-9D23-B9BF0134A972}"
EndProject
Global
	GlobalSection(SolutionConfigurationPlatforms) = preSolution
		Debug|Any CPU = Debug|Any CPU
		Release|Any CPU = Release|Any CPU
	EndGlobalSection
	GlobalSection(ProjectConfigurationPlatforms) = postSolution
		{EECCAD0A-905E-4695-B4A0-6FD5667A5425}.Debug|Any CPU.ActiveCfg = Debug|Any CPU
		{EECCAD0A-905E-4695-B4A0-6FD5667A5425}.Debug|Any CPU.Build.0 = Debug|Any CPU
		{EECCAD0A-905E-4695-B4A0-6FD5667A5425}.Release|Any CPU.ActiveCfg = Release|Any CPU
		{EECCAD0A-905E-4695-B4A0-6FD5667A5425}.Release|Any CPU.Build.0 = Release|Any CPU
		{54AA510C-750A-47F4-9D23-B9BF0134A972}.Debug|Any CPU.ActiveCfg = Debug|Any CPU
		{54AA510C-750A-47F4-9D23-B9BF0134A972}.Debug|Any CPU.Build.0 = Debug|Any CPU
		{54AA510C-750A-47F4-9D23-B9BF0134A972}.Release|Any CPU.ActiveCfg = Release|Any CPU
		{54AA510C-750A-47F4-9D23-B9BF0134A972}.Release|Any CPU.Build.0 = Release|Any CPU
	EndGlobalSection
	GlobalSection(SolutionProperties) = preSolution
		HideSolutionNode = FALSE
	EndGlobalSection
	GlobalSection(ExtensibilityGlobals) = postSolution
		SolutionGuid = {399FDE13-5101-41F3-97A1-D4E9CA57004C}
	EndGlobalSection
EndGlobal
